
Microsoft Visual Studio Solution File, Format Version 12.00
# Visual Studio Version 16
VisualStudioVersion = 16.0.30011.22
MinimumVisualStudioVersion = 10.0.40219.1
Project("{FAE04EC0-301F-11D3-BF4B-00C04F79EFBC}") = "Entity_Cars", "Entity_Cars\Entity_Cars.csproj", "{ADBE1FA4-4AED-4D41-AAFC-D980F2F08331}"
EndProject
Global
	GlobalSection(SolutionConfigurationPlatforms) = preSolution
		Debug|Any CPU = Debug|Any CPU
		Release|Any CPU = Release|Any CPU
	EndGlobalSection
	GlobalSection(ProjectConfigurationPlatforms) = postSolution
		{ADBE1FA4-4AED-4D41-AAFC-D980F2F08331}.Debug|Any CPU.ActiveCfg = Debug|Any CPU
		{ADBE1FA4-4AED-4D41-AAFC-D980F2F08331}.Debug|Any CPU.Build.0 = Debug|Any CPU
		{ADBE1FA4-4AED-4D41-AAFC-D980F2F08331}.Release|Any CPU.ActiveCfg = Release|Any CPU
		{ADBE1FA4-4AED-4D41-AAFC-D980F2F08331}.Release|Any CPU.Build.0 = Release|Any CPU
	EndGlobalSection
	GlobalSection(SolutionProperties) = preSolution
		HideSolutionNode = FALSE
	EndGlobalSection
	GlobalSection(ExtensibilityGlobals) = postSolution
		SolutionGuid = {DEAAC33B-0ADE-461F-B988-3E329DB5B3C4}
	EndGlobalSection
EndGlobal
